
Microsoft Visual Studio Solution File, Format Version 12.00
# Visual Studio Version 17
VisualStudioVersion = 17.6.33723.286
MinimumVisualStudioVersion = 10.0.40219.1
Project("{FAE04EC0-301F-11D3-BF4B-00C04F79EFBC}") = "Lotto_Generator", "Lotto_Generator\Lotto_Generator.csproj", "{D9AC590B-90A5-4158-AD2A-736CF4F17878}"
EndProject
Global
	GlobalSection(SolutionConfigurationPlatforms) = preSolution
		Debug|Any CPU = Debug|Any CPU
		Release|Any CPU = Release|Any CPU
	EndGlobalSection
	GlobalSection(ProjectConfigurationPlatforms) = postSolution
		{D9AC590B-90A5-4158-AD2A-736CF4F17878}.Debug|Any CPU.ActiveCfg = Debug|Any CPU
		{D9AC590B-90A5-4158-AD2A-736CF4F17878}.Debug|Any CPU.Build.0 = Debug|Any CPU
		{D9AC590B-90A5-4158-AD2A-736CF4F17878}.Release|Any CPU.ActiveCfg = Release|Any CPU
		{D9AC590B-90A5-4158-AD2A-736CF4F17878}.Release|Any CPU.Build.0 = Release|Any CPU
	EndGlobalSection
	GlobalSection(SolutionProperties) = preSolution
		HideSolutionNode = FALSE
	EndGlobalSection
	GlobalSection(ExtensibilityGlobals) = postSolution
		SolutionGuid = {66289A46-214B-4E92-98B7-3DFB5ED4742F}
	EndGlobalSection
EndGlobal
