
Microsoft Visual Studio Solution File, Format Version 12.00
# Visual Studio Version 17
VisualStudioVersion = 17.6.33723.286
MinimumVisualStudioVersion = 10.0.40219.1
Project("{FAE04EC0-301F-11D3-BF4B-00C04F79EFBC}") = "OOP_AB2_5", "OOP_AB2_5\OOP_AB2_5.csproj", "{9B0685CD-8CF9-431D-AD86-BDB608EB2159}"
EndProject
Global
	GlobalSection(SolutionConfigurationPlatforms) = preSolution
		Debug|Any CPU = Debug|Any CPU
		Release|Any CPU = Release|Any CPU
	EndGlobalSection
	GlobalSection(ProjectConfigurationPlatforms) = postSolution
		{9B0685CD-8CF9-431D-AD86-BDB608EB2159}.Debug|Any CPU.ActiveCfg = Debug|Any CPU
		{9B0685CD-8CF9-431D-AD86-BDB608EB2159}.Debug|Any CPU.Build.0 = Debug|Any CPU
		{9B0685CD-8CF9-431D-AD86-BDB608EB2159}.Release|Any CPU.ActiveCfg = Release|Any CPU
		{9B0685CD-8CF9-431D-AD86-BDB608EB2159}.Release|Any CPU.Build.0 = Release|Any CPU
	EndGlobalSection
	GlobalSection(SolutionProperties) = preSolution
		HideSolutionNode = FALSE
	EndGlobalSection
	GlobalSection(ExtensibilityGlobals) = postSolution
		SolutionGuid = {511D9FB7-D06A-4CB5-9762-F6ECD3D3FD89}
	EndGlobalSection
EndGlobal
